<?xml version="1.0" encoding="UTF-8"?>
<!DOCTYPE plist PUBLIC "-//Apple//DTD PLIST 1.0//EN" "http://www.apple.com/DTDs/PropertyList-1.0.dtd">
<plist version="1.0">
<dict>
	<key>archiveVersion</key>
	<string>1</string>
	<key>classes</key>
	<dict/>
	<key>objectVersion</key>
	<string>46</string>
	<key>objects</key>
	<dict>
		<key>145ACBC9184C88BF00EBAEA8</key>
		<dict>
			<key>children</key>
			<array>
				<string>145ACBDD184C88BF00EBAEA8</string>
				<string>145ACBFA184C88BF00EBAEA8</string>
				<string>145ACBD4184C88BF00EBAEA8</string>
				<string>145ACBD3184C88BF00EBAEA8</string>
				<string>5CCCB9420C0DC25A056D9A0A</string>
			</array>
			<key>isa</key>
			<string>PBXGroup</string>
			<key>sourceTree</key>
			<string>&lt;group&gt;</string>
		</dict>
		<key>145ACBCA184C88BF00EBAEA8</key>
		<dict>
			<key>attributes</key>
			<dict>
				<key>CLASSPREFIX</key>
				<string>TD</string>
				<key>LastUpgradeCheck</key>
				<string>0500</string>
				<key>ORGANIZATIONNAME</key>
				<string>Gregory Casamento</string>
				<key>TargetAttributes</key>
				<dict>
					<key>145ACBD1184C88BF00EBAEA8</key>
					<dict>
						<key>DevelopmentTeam</key>
						<string>7PR8VYH29V</string>
					</dict>
					<key>145ACBF1184C88BF00EBAEA8</key>
					<dict>
						<key>TestTargetID</key>
						<string>145ACBD1184C88BF00EBAEA8</string>
					</dict>
				</dict>
			</dict>
			<key>buildConfigurationList</key>
			<string>145ACBCD184C88BF00EBAEA8</string>
			<key>compatibilityVersion</key>
			<string>Xcode 3.2</string>
			<key>developmentRegion</key>
			<string>English</string>
			<key>hasScannedForEncodings</key>
			<string>0</string>
			<key>isa</key>
			<string>PBXProject</string>
			<key>knownRegions</key>
			<array>
				<string>en</string>
			</array>
			<key>mainGroup</key>
			<string>145ACBC9184C88BF00EBAEA8</string>
			<key>productRefGroup</key>
			<string>145ACBD3184C88BF00EBAEA8</string>
			<key>projectDirPath</key>
			<string></string>
			<key>projectReferences</key>
			<array/>
			<key>projectRoot</key>
			<string></string>
			<key>targets</key>
			<array>
				<string>145ACBD1184C88BF00EBAEA8</string>
				<string>145ACBF1184C88BF00EBAEA8</string>
			</array>
		</dict>
		<key>145ACBCD184C88BF00EBAEA8</key>
		<dict>
			<key>buildConfigurations</key>
			<array>
				<string>145ACC02184C88BF00EBAEA8</string>
				<string>145ACC03184C88BF00EBAEA8</string>
			</array>
			<key>defaultConfigurationIsVisible</key>
			<string>0</string>
			<key>defaultConfigurationName</key>
			<string>Release</string>
			<key>isa</key>
			<string>XCConfigurationList</string>
		</dict>
		<key>145ACBCE184C88BF00EBAEA8</key>
		<dict>
			<key>buildActionMask</key>
			<string>2147483647</string>
			<key>files</key>
			<array>
				<string>148F3074184C954F00CF3FF6</string>
				<string>148F30B1184CE6B300CF3FF6</string>
				<string>148F3085184CA21000CF3FF6</string>
				<string>148F308A184CA3E600CF3FF6</string>
				<string>148F3081184C9F6000CF3FF6</string>
				<string>145ACBE8184C88BF00EBAEA8</string>
				<string>148F308D184CA3F200CF3FF6</string>
				<string>145ACBEB184C88BF00EBAEA8</string>
				<string>14BFD0BE1963D6B30000FB51</string>
				<string>148F307B184C978200CF3FF6</string>
				<string>145ACBE4184C88BF00EBAEA8</string>
				<string>148F3091184CC18A00CF3FF6</string>
				<string>148F30AD184CDDD000CF3FF6</string>
				<string>148F30B5184D358200CF3FF6</string>
			</array>
			<key>isa</key>
			<string>PBXSourcesBuildPhase</string>
			<key>runOnlyForDeploymentPostprocessing</key>
			<string>0</string>
		</dict>
		<key>145ACBCF184C88BF00EBAEA8</key>
		<dict>
			<key>buildActionMask</key>
			<string>2147483647</string>
			<key>files</key>
			<array>
				<string>145ACBD8184C88BF00EBAEA8</string>
				<string>145ACBDC184C88BF00EBAEA8</string>
				<string>145ACBDA184C88BF00EBAEA8</string>
				<string>145ACBD6184C88BF00EBAEA8</string>
				<string>50146AA23C384A559156CEC7</string>
			</array>
			<key>isa</key>
			<string>PBXFrameworksBuildPhase</string>
			<key>runOnlyForDeploymentPostprocessing</key>
			<string>0</string>
		</dict>
		<key>145ACBD0184C88BF00EBAEA8</key>
		<dict>
			<key>buildActionMask</key>
			<string>2147483647</string>
			<key>files</key>
			<array>
				<string>148F30B2184CE6B300CF3FF6</string>
				<string>145ACBE2184C88BF00EBAEA8</string>
				<string>148F30A4184CDABF00CF3FF6</string>
				<string>148F309B184CD88F00CF3FF6</string>
				<string>148F309F184CD89900CF3FF6</string>
				<string>148F30AA184CDCCA00CF3FF6</string>
				<string>148F30A1184CD89E00CF3FF6</string>
				<string>148F309C184CD89100CF3FF6</string>
				<string>148F30A6184CDCC400CF3FF6</string>
				<string>148F30A0184CD89C00CF3FF6</string>
				<string>148F3082184C9F6000CF3FF6</string>
				<string>148F3092184CC18A00CF3FF6</string>
				<string>148F309E184CD89600CF3FF6</string>
				<string>148F309D184CD89400CF3FF6</string>
				<string>145ACBED184C88BF00EBAEA8</string>
				<string>148F30A9184CDCCA00CF3FF6</string>
				<string>148F307C184C978200CF3FF6</string>
			</array>
			<key>isa</key>
			<string>PBXResourcesBuildPhase</string>
			<key>runOnlyForDeploymentPostprocessing</key>
			<string>0</string>
		</dict>
		<key>145ACBD1184C88BF00EBAEA8</key>
		<dict>
			<key>buildConfigurationList</key>
			<string>145ACC04184C88BF00EBAEA8</string>
			<key>buildPhases</key>
			<array>
				<string>1F26772ADEA3417EBB68BEB4</string>
				<string>145ACBCE184C88BF00EBAEA8</string>
				<string>145ACBCF184C88BF00EBAEA8</string>
				<string>145ACBD0184C88BF00EBAEA8</string>
				<string>D93E7E4E1F854443AB5C50F3</string>
			</array>
			<key>buildRules</key>
			<array/>
			<key>dependencies</key>
			<array/>
			<key>isa</key>
			<string>PBXNativeTarget</string>
			<key>name</key>
			<string>ToDo</string>
			<key>productName</key>
			<string>ToDo</string>
			<key>productReference</key>
			<string>145ACBD2184C88BF00EBAEA8</string>
			<key>productType</key>
			<string>com.apple.product-type.application</string>
		</dict>
		<key>145ACBD2184C88BF00EBAEA8</key>
		<dict>
			<key>explicitFileType</key>
			<string>wrapper.application</string>
			<key>includeInIndex</key>
			<string>0</string>
			<key>isa</key>
			<string>PBXFileReference</string>
			<key>path</key>
			<string>TreeDo.app</string>
			<key>sourceTree</key>
			<string>BUILT_PRODUCTS_DIR</string>
		</dict>
		<key>145ACBD3184C88BF00EBAEA8</key>
		<dict>
			<key>children</key>
			<array>
				<string>145ACBD2184C88BF00EBAEA8</string>
				<string>145ACBF2184C88BF00EBAEA8</string>
			</array>
			<key>isa</key>
			<string>PBXGroup</string>
			<key>name</key>
			<string>Products</string>
			<key>sourceTree</key>
			<string>&lt;group&gt;</string>
		</dict>
		<key>145ACBD4184C88BF00EBAEA8</key>
		<dict>
			<key>children</key>
			<array>
				<string>145ACBD5184C88BF00EBAEA8</string>
				<string>145ACBD7184C88BF00EBAEA8</string>
				<string>145ACBD9184C88BF00EBAEA8</string>
				<string>145ACBDB184C88BF00EBAEA8</string>
				<string>145ACBF3184C88BF00EBAEA8</string>
				<string>CF4559FA8212476AB0776A5D</string>
			</array>
			<key>isa</key>
			<string>PBXGroup</string>
			<key>name</key>
			<string>Frameworks</string>
			<key>sourceTree</key>
			<string>&lt;group&gt;</string>
		</dict>
		<key>145ACBD5184C88BF00EBAEA8</key>
		<dict>
			<key>isa</key>
			<string>PBXFileReference</string>
			<key>lastKnownFileType</key>
			<string>wrapper.framework</string>
			<key>name</key>
			<string>Foundation.framework</string>
			<key>path</key>
			<string>System/Library/Frameworks/Foundation.framework</string>
			<key>sourceTree</key>
			<string>SDKROOT</string>
		</dict>
		<key>145ACBD6184C88BF00EBAEA8</key>
		<dict>
			<key>fileRef</key>
			<string>145ACBD5184C88BF00EBAEA8</string>
			<key>isa</key>
			<string>PBXBuildFile</string>
		</dict>
		<key>145ACBD7184C88BF00EBAEA8</key>
		<dict>
			<key>isa</key>
			<string>PBXFileReference</string>
			<key>lastKnownFileType</key>
			<string>wrapper.framework</string>
			<key>name</key>
			<string>CoreGraphics.framework</string>
			<key>path</key>
			<string>System/Library/Frameworks/CoreGraphics.framework</string>
			<key>sourceTree</key>
			<string>SDKROOT</string>
		</dict>
		<key>145ACBD8184C88BF00EBAEA8</key>
		<dict>
			<key>fileRef</key>
			<string>145ACBD7184C88BF00EBAEA8</string>
			<key>isa</key>
			<string>PBXBuildFile</string>
		</dict>
		<key>145ACBD9184C88BF00EBAEA8</key>
		<dict>
			<key>isa</key>
			<string>PBXFileReference</string>
			<key>lastKnownFileType</key>
			<string>wrapper.framework</string>
			<key>name</key>
			<string>UIKit.framework</string>
			<key>path</key>
			<string>System/Library/Frameworks/UIKit.framework</string>
			<key>sourceTree</key>
			<string>SDKROOT</string>
		</dict>
		<key>145ACBDA184C88BF00EBAEA8</key>
		<dict>
			<key>fileRef</key>
			<string>145ACBD9184C88BF00EBAEA8</string>
			<key>isa</key>
			<string>PBXBuildFile</string>
		</dict>
		<key>145ACBDB184C88BF00EBAEA8</key>
		<dict>
			<key>isa</key>
			<string>PBXFileReference</string>
			<key>lastKnownFileType</key>
			<string>wrapper.framework</string>
			<key>name</key>
			<string>CoreData.framework</string>
			<key>path</key>
			<string>System/Library/Frameworks/CoreData.framework</string>
			<key>sourceTree</key>
			<string>SDKROOT</string>
		</dict>
		<key>145ACBDC184C88BF00EBAEA8</key>
		<dict>
			<key>fileRef</key>
			<string>145ACBDB184C88BF00EBAEA8</string>
			<key>isa</key>
			<string>PBXBuildFile</string>
		</dict>
		<key>145ACBDD184C88BF00EBAEA8</key>
		<dict>
			<key>children</key>
			<array>
				<string>148F30A2184CDA9300CF3FF6</string>
				<string>148F309A184CD83D00CF3FF6</string>
				<string>148F3087184CA27300CF3FF6</string>
				<string>148F3086184CA25C00CF3FF6</string>
				<string>148F307D184C97F600CF3FF6</string>
				<string>145ACC0A184C94AE00EBAEA8</string>
				<string>145ACBE6184C88BF00EBAEA8</string>
				<string>145ACBE7184C88BF00EBAEA8</string>
				<string>145ACBEC184C88BF00EBAEA8</string>
				<string>145ACBE9184C88BF00EBAEA8</string>
				<string>145ACBDE184C88BF00EBAEA8</string>
			</array>
			<key>isa</key>
			<string>PBXGroup</string>
			<key>path</key>
			<string>ToDo</string>
			<key>sourceTree</key>
			<string>&lt;group&gt;</string>
		</dict>
		<key>145ACBDE184C88BF00EBAEA8</key>
		<dict>
			<key>children</key>
			<array>
				<string>145ACBDF184C88BF00EBAEA8</string>
				<string>145ACBE0184C88BF00EBAEA8</string>
				<string>145ACBE3184C88BF00EBAEA8</string>
				<string>145ACBE5184C88BF00EBAEA8</string>
			</array>
			<key>isa</key>
			<string>PBXGroup</string>
			<key>name</key>
			<string>Supporting Files</string>
			<key>sourceTree</key>
			<string>&lt;group&gt;</string>
		</dict>
		<key>145ACBDF184C88BF00EBAEA8</key>
		<dict>
			<key>isa</key>
			<string>PBXFileReference</string>
			<key>lastKnownFileType</key>
			<string>text.plist.xml</string>
			<key>path</key>
			<string>ToDo-Info.plist</string>
			<key>sourceTree</key>
			<string>&lt;group&gt;</string>
		</dict>
		<key>145ACBE0184C88BF00EBAEA8</key>
		<dict>
			<key>children</key>
			<array>
				<string>145ACBE1184C88BF00EBAEA8</string>
			</array>
			<key>isa</key>
			<string>PBXVariantGroup</string>
			<key>name</key>
			<string>InfoPlist.strings</string>
			<key>sourceTree</key>
			<string>&lt;group&gt;</string>
		</dict>
		<key>145ACBE1184C88BF00EBAEA8</key>
		<dict>
			<key>isa</key>
			<string>PBXFileReference</string>
			<key>lastKnownFileType</key>
			<string>text.plist.strings</string>
			<key>name</key>
			<string>en</string>
			<key>path</key>
			<string>en.lproj/InfoPlist.strings</string>
			<key>sourceTree</key>
			<string>&lt;group&gt;</string>
		</dict>
		<key>145ACBE2184C88BF00EBAEA8</key>
		<dict>
			<key>fileRef</key>
			<string>145ACBE0184C88BF00EBAEA8</string>
			<key>isa</key>
			<string>PBXBuildFile</string>
		</dict>
		<key>145ACBE3184C88BF00EBAEA8</key>
		<dict>
			<key>isa</key>
			<string>PBXFileReference</string>
			<key>lastKnownFileType</key>
			<string>sourcecode.c.objc</string>
			<key>path</key>
			<string>main.m</string>
			<key>sourceTree</key>
			<string>&lt;group&gt;</string>
		</dict>
		<key>145ACBE4184C88BF00EBAEA8</key>
		<dict>
			<key>fileRef</key>
			<string>145ACBE3184C88BF00EBAEA8</string>
			<key>isa</key>
			<string>PBXBuildFile</string>
		</dict>
		<key>145ACBE5184C88BF00EBAEA8</key>
		<dict>
			<key>isa</key>
			<string>PBXFileReference</string>
			<key>lastKnownFileType</key>
			<string>sourcecode.c.h</string>
			<key>path</key>
			<string>ToDo-Prefix.pch</string>
			<key>sourceTree</key>
			<string>&lt;group&gt;</string>
		</dict>
		<key>145ACBE6184C88BF00EBAEA8</key>
		<dict>
			<key>isa</key>
			<string>PBXFileReference</string>
			<key>lastKnownFileType</key>
			<string>sourcecode.c.h</string>
			<key>path</key>
			<string>TDAppDelegate.h</string>
			<key>sourceTree</key>
			<string>&lt;group&gt;</string>
		</dict>
		<key>145ACBE7184C88BF00EBAEA8</key>
		<dict>
			<key>isa</key>
			<string>PBXFileReference</string>
			<key>lastKnownFileType</key>
			<string>sourcecode.c.objc</string>
			<key>path</key>
			<string>TDAppDelegate.m</string>
			<key>sourceTree</key>
			<string>&lt;group&gt;</string>
		</dict>
		<key>145ACBE8184C88BF00EBAEA8</key>
		<dict>
			<key>fileRef</key>
			<string>145ACBE7184C88BF00EBAEA8</string>
			<key>isa</key>
			<string>PBXBuildFile</string>
		</dict>
		<key>145ACBE9184C88BF00EBAEA8</key>
		<dict>
			<key>children</key>
			<array>
				<string>145ACBEA184C88BF00EBAEA8</string>
			</array>
			<key>currentVersion</key>
			<string>145ACBEA184C88BF00EBAEA8</string>
			<key>isa</key>
			<string>XCVersionGroup</string>
			<key>path</key>
			<string>ToDo.xcdatamodeld</string>
			<key>sourceTree</key>
			<string>&lt;group&gt;</string>
			<key>versionGroupType</key>
			<string>wrapper.xcdatamodel</string>
		</dict>
		<key>145ACBEA184C88BF00EBAEA8</key>
		<dict>
			<key>isa</key>
			<string>PBXFileReference</string>
			<key>lastKnownFileType</key>
			<string>wrapper.xcdatamodel</string>
			<key>path</key>
			<string>ToDo.xcdatamodel</string>
			<key>sourceTree</key>
			<string>&lt;group&gt;</string>
		</dict>
		<key>145ACBEB184C88BF00EBAEA8</key>
		<dict>
			<key>fileRef</key>
			<string>145ACBE9184C88BF00EBAEA8</string>
			<key>isa</key>
			<string>PBXBuildFile</string>
		</dict>
		<key>145ACBEC184C88BF00EBAEA8</key>
		<dict>
			<key>isa</key>
			<string>PBXFileReference</string>
			<key>lastKnownFileType</key>
			<string>folder.assetcatalog</string>
			<key>path</key>
			<string>Images.xcassets</string>
			<key>sourceTree</key>
			<string>&lt;group&gt;</string>
		</dict>
		<key>145ACBED184C88BF00EBAEA8</key>
		<dict>
			<key>fileRef</key>
			<string>145ACBEC184C88BF00EBAEA8</string>
			<key>isa</key>
			<string>PBXBuildFile</string>
		</dict>
		<key>145ACBEE184C88BF00EBAEA8</key>
		<dict>
			<key>buildActionMask</key>
			<string>2147483647</string>
			<key>files</key>
			<array>
				<string>145ACC01184C88BF00EBAEA8</string>
			</array>
			<key>isa</key>
			<string>PBXSourcesBuildPhase</string>
			<key>runOnlyForDeploymentPostprocessing</key>
			<string>0</string>
		</dict>
		<key>145ACBEF184C88BF00EBAEA8</key>
		<dict>
			<key>buildActionMask</key>
			<string>2147483647</string>
			<key>files</key>
			<array>
				<string>145ACBF4184C88BF00EBAEA8</string>
				<string>145ACBF7184C88BF00EBAEA8</string>
				<string>145ACBF6184C88BF00EBAEA8</string>
				<string>145ACBF5184C88BF00EBAEA8</string>
			</array>
			<key>isa</key>
			<string>PBXFrameworksBuildPhase</string>
			<key>runOnlyForDeploymentPostprocessing</key>
			<string>0</string>
		</dict>
		<key>145ACBF0184C88BF00EBAEA8</key>
		<dict>
			<key>buildActionMask</key>
			<string>2147483647</string>
			<key>files</key>
			<array>
				<string>145ACBFF184C88BF00EBAEA8</string>
			</array>
			<key>isa</key>
			<string>PBXResourcesBuildPhase</string>
			<key>runOnlyForDeploymentPostprocessing</key>
			<string>0</string>
		</dict>
		<key>145ACBF1184C88BF00EBAEA8</key>
		<dict>
			<key>buildConfigurationList</key>
			<string>145ACC07184C88BF00EBAEA8</string>
			<key>buildPhases</key>
			<array>
				<string>145ACBEE184C88BF00EBAEA8</string>
				<string>145ACBEF184C88BF00EBAEA8</string>
				<string>145ACBF0184C88BF00EBAEA8</string>
			</array>
			<key>buildRules</key>
			<array/>
			<key>dependencies</key>
			<array>
				<string>145ACBF9184C88BF00EBAEA8</string>
			</array>
			<key>isa</key>
			<string>PBXNativeTarget</string>
			<key>name</key>
			<string>ToDoTests</string>
			<key>productName</key>
			<string>ToDoTests</string>
			<key>productReference</key>
			<string>145ACBF2184C88BF00EBAEA8</string>
			<key>productType</key>
			<string>com.apple.product-type.bundle.unit-test</string>
		</dict>
		<key>145ACBF2184C88BF00EBAEA8</key>
		<dict>
			<key>explicitFileType</key>
			<string>wrapper.cfbundle</string>
			<key>includeInIndex</key>
			<string>0</string>
			<key>isa</key>
			<string>PBXFileReference</string>
			<key>path</key>
			<string>ToDoTests.xctest</string>
			<key>sourceTree</key>
			<string>BUILT_PRODUCTS_DIR</string>
		</dict>
		<key>145ACBF3184C88BF00EBAEA8</key>
		<dict>
			<key>isa</key>
			<string>PBXFileReference</string>
			<key>lastKnownFileType</key>
			<string>wrapper.framework</string>
			<key>name</key>
			<string>XCTest.framework</string>
			<key>path</key>
			<string>Library/Frameworks/XCTest.framework</string>
			<key>sourceTree</key>
			<string>DEVELOPER_DIR</string>
		</dict>
		<key>145ACBF4184C88BF00EBAEA8</key>
		<dict>
			<key>fileRef</key>
			<string>145ACBF3184C88BF00EBAEA8</string>
			<key>isa</key>
			<string>PBXBuildFile</string>
		</dict>
		<key>145ACBF5184C88BF00EBAEA8</key>
		<dict>
			<key>fileRef</key>
			<string>145ACBD5184C88BF00EBAEA8</string>
			<key>isa</key>
			<string>PBXBuildFile</string>
		</dict>
		<key>145ACBF6184C88BF00EBAEA8</key>
		<dict>
			<key>fileRef</key>
			<string>145ACBD9184C88BF00EBAEA8</string>
			<key>isa</key>
			<string>PBXBuildFile</string>
		</dict>
		<key>145ACBF7184C88BF00EBAEA8</key>
		<dict>
			<key>fileRef</key>
			<string>145ACBDB184C88BF00EBAEA8</string>
			<key>isa</key>
			<string>PBXBuildFile</string>
		</dict>
		<key>145ACBF8184C88BF00EBAEA8</key>
		<dict>
			<key>containerPortal</key>
			<string>145ACBCA184C88BF00EBAEA8</string>
			<key>isa</key>
			<string>PBXContainerItemProxy</string>
			<key>proxyType</key>
			<string>1</string>
			<key>remoteGlobalIDString</key>
			<string>145ACBD1184C88BF00EBAEA8</string>
			<key>remoteInfo</key>
			<string>ToDo</string>
		</dict>
		<key>145ACBF9184C88BF00EBAEA8</key>
		<dict>
			<key>isa</key>
			<string>PBXTargetDependency</string>
			<key>target</key>
			<string>145ACBD1184C88BF00EBAEA8</string>
			<key>targetProxy</key>
			<string>145ACBF8184C88BF00EBAEA8</string>
		</dict>
		<key>145ACBFA184C88BF00EBAEA8</key>
		<dict>
			<key>children</key>
			<array>
				<string>145ACC00184C88BF00EBAEA8</string>
				<string>145ACBFB184C88BF00EBAEA8</string>
			</array>
			<key>isa</key>
			<string>PBXGroup</string>
			<key>path</key>
			<string>ToDoTests</string>
			<key>sourceTree</key>
			<string>&lt;group&gt;</string>
		</dict>
		<key>145ACBFB184C88BF00EBAEA8</key>
		<dict>
			<key>children</key>
			<array>
				<string>145ACBFC184C88BF00EBAEA8</string>
				<string>145ACBFD184C88BF00EBAEA8</string>
			</array>
			<key>isa</key>
			<string>PBXGroup</string>
			<key>name</key>
			<string>Supporting Files</string>
			<key>sourceTree</key>
			<string>&lt;group&gt;</string>
		</dict>
		<key>145ACBFC184C88BF00EBAEA8</key>
		<dict>
			<key>isa</key>
			<string>PBXFileReference</string>
			<key>lastKnownFileType</key>
			<string>text.plist.xml</string>
			<key>path</key>
			<string>ToDoTests-Info.plist</string>
			<key>sourceTree</key>
			<string>&lt;group&gt;</string>
		</dict>
		<key>145ACBFD184C88BF00EBAEA8</key>
		<dict>
			<key>children</key>
			<array>
				<string>145ACBFE184C88BF00EBAEA8</string>
			</array>
			<key>isa</key>
			<string>PBXVariantGroup</string>
			<key>name</key>
			<string>InfoPlist.strings</string>
			<key>sourceTree</key>
			<string>&lt;group&gt;</string>
		</dict>
		<key>145ACBFE184C88BF00EBAEA8</key>
		<dict>
			<key>isa</key>
			<string>PBXFileReference</string>
			<key>lastKnownFileType</key>
			<string>text.plist.strings</string>
			<key>name</key>
			<string>en</string>
			<key>path</key>
			<string>en.lproj/InfoPlist.strings</string>
			<key>sourceTree</key>
			<string>&lt;group&gt;</string>
		</dict>
		<key>145ACBFF184C88BF00EBAEA8</key>
		<dict>
			<key>fileRef</key>
			<string>145ACBFD184C88BF00EBAEA8</string>
			<key>isa</key>
			<string>PBXBuildFile</string>
		</dict>
		<key>145ACC00184C88BF00EBAEA8</key>
		<dict>
			<key>isa</key>
			<string>PBXFileReference</string>
			<key>lastKnownFileType</key>
			<string>sourcecode.c.objc</string>
			<key>path</key>
			<string>ToDoTests.m</string>
			<key>sourceTree</key>
			<string>&lt;group&gt;</string>
		</dict>
		<key>145ACC01184C88BF00EBAEA8</key>
		<dict>
			<key>fileRef</key>
			<string>145ACC00184C88BF00EBAEA8</string>
			<key>isa</key>
			<string>PBXBuildFile</string>
		</dict>
		<key>145ACC02184C88BF00EBAEA8</key>
		<dict>
			<key>buildSettings</key>
			<dict>
				<key>ALWAYS_SEARCH_USER_PATHS</key>
				<string>NO</string>
				<key>ARCHS</key>
				<string>$(ARCHS_STANDARD_INCLUDING_64_BIT)</string>
				<key>CLANG_CXX_LANGUAGE_STANDARD</key>
				<string>gnu++0x</string>
				<key>CLANG_CXX_LIBRARY</key>
				<string>libc++</string>
				<key>CLANG_ENABLE_MODULES</key>
				<string>YES</string>
				<key>CLANG_ENABLE_OBJC_ARC</key>
				<string>YES</string>
				<key>CLANG_WARN_BOOL_CONVERSION</key>
				<string>YES</string>
				<key>CLANG_WARN_CONSTANT_CONVERSION</key>
				<string>YES</string>
				<key>CLANG_WARN_DIRECT_OBJC_ISA_USAGE</key>
				<string>YES_ERROR</string>
				<key>CLANG_WARN_EMPTY_BODY</key>
				<string>YES</string>
				<key>CLANG_WARN_ENUM_CONVERSION</key>
				<string>YES</string>
				<key>CLANG_WARN_INT_CONVERSION</key>
				<string>YES</string>
				<key>CLANG_WARN_OBJC_ROOT_CLASS</key>
				<string>YES_ERROR</string>
				<key>CLANG_WARN__DUPLICATE_METHOD_MATCH</key>
				<string>YES</string>
				<key>CODE_SIGN_IDENTITY[sdk=iphoneos*]</key>
				<string>iPhone Developer</string>
				<key>COPY_PHASE_STRIP</key>
				<string>NO</string>
				<key>GCC_C_LANGUAGE_STANDARD</key>
				<string>gnu99</string>
				<key>GCC_DYNAMIC_NO_PIC</key>
				<string>NO</string>
				<key>GCC_OPTIMIZATION_LEVEL</key>
				<string>0</string>
				<key>GCC_PREPROCESSOR_DEFINITIONS</key>
				<array>
					<string>DEBUG=1</string>
					<string>$(inherited)</string>
				</array>
				<key>GCC_SYMBOLS_PRIVATE_EXTERN</key>
				<string>NO</string>
				<key>GCC_WARN_64_TO_32_BIT_CONVERSION</key>
				<string>YES</string>
				<key>GCC_WARN_ABOUT_RETURN_TYPE</key>
				<string>YES_ERROR</string>
				<key>GCC_WARN_UNDECLARED_SELECTOR</key>
				<string>YES</string>
				<key>GCC_WARN_UNINITIALIZED_AUTOS</key>
				<string>YES</string>
				<key>GCC_WARN_UNUSED_FUNCTION</key>
				<string>YES</string>
				<key>GCC_WARN_UNUSED_VARIABLE</key>
				<string>YES</string>
				<key>IPHONEOS_DEPLOYMENT_TARGET</key>
				<string>7.0</string>
				<key>ONLY_ACTIVE_ARCH</key>
				<string>YES</string>
				<key>SDKROOT</key>
				<string>iphoneos</string>
				<key>TARGETED_DEVICE_FAMILY</key>
				<string>1,2</string>
			</dict>
			<key>isa</key>
			<string>XCBuildConfiguration</string>
			<key>name</key>
			<string>Debug</string>
		</dict>
		<key>145ACC03184C88BF00EBAEA8</key>
		<dict>
			<key>buildSettings</key>
			<dict>
				<key>ALWAYS_SEARCH_USER_PATHS</key>
				<string>NO</string>
				<key>ARCHS</key>
				<string>$(ARCHS_STANDARD_INCLUDING_64_BIT)</string>
				<key>CLANG_CXX_LANGUAGE_STANDARD</key>
				<string>gnu++0x</string>
				<key>CLANG_CXX_LIBRARY</key>
				<string>libc++</string>
				<key>CLANG_ENABLE_MODULES</key>
				<string>YES</string>
				<key>CLANG_ENABLE_OBJC_ARC</key>
				<string>YES</string>
				<key>CLANG_WARN_BOOL_CONVERSION</key>
				<string>YES</string>
				<key>CLANG_WARN_CONSTANT_CONVERSION</key>
				<string>YES</string>
				<key>CLANG_WARN_DIRECT_OBJC_ISA_USAGE</key>
				<string>YES_ERROR</string>
				<key>CLANG_WARN_EMPTY_BODY</key>
				<string>YES</string>
				<key>CLANG_WARN_ENUM_CONVERSION</key>
				<string>YES</string>
				<key>CLANG_WARN_INT_CONVERSION</key>
				<string>YES</string>
				<key>CLANG_WARN_OBJC_ROOT_CLASS</key>
				<string>YES_ERROR</string>
				<key>CLANG_WARN__DUPLICATE_METHOD_MATCH</key>
				<string>YES</string>
				<key>CODE_SIGN_IDENTITY[sdk=iphoneos*]</key>
				<string>iPhone Developer</string>
				<key>COPY_PHASE_STRIP</key>
				<string>YES</string>
				<key>ENABLE_NS_ASSERTIONS</key>
				<string>NO</string>
				<key>GCC_C_LANGUAGE_STANDARD</key>
				<string>gnu99</string>
				<key>GCC_WARN_64_TO_32_BIT_CONVERSION</key>
				<string>YES</string>
				<key>GCC_WARN_ABOUT_RETURN_TYPE</key>
				<string>YES_ERROR</string>
				<key>GCC_WARN_UNDECLARED_SELECTOR</key>
				<string>YES</string>
				<key>GCC_WARN_UNINITIALIZED_AUTOS</key>
				<string>YES</string>
				<key>GCC_WARN_UNUSED_FUNCTION</key>
				<string>YES</string>
				<key>GCC_WARN_UNUSED_VARIABLE</key>
				<string>YES</string>
				<key>IPHONEOS_DEPLOYMENT_TARGET</key>
				<string>7.0</string>
				<key>SDKROOT</key>
				<string>iphoneos</string>
				<key>TARGETED_DEVICE_FAMILY</key>
				<string>1,2</string>
				<key>VALIDATE_PRODUCT</key>
				<string>YES</string>
			</dict>
			<key>isa</key>
			<string>XCBuildConfiguration</string>
			<key>name</key>
			<string>Release</string>
		</dict>
		<key>145ACC04184C88BF00EBAEA8</key>
		<dict>
			<key>buildConfigurations</key>
			<array>
				<string>145ACC05184C88BF00EBAEA8</string>
				<string>145ACC06184C88BF00EBAEA8</string>
			</array>
			<key>defaultConfigurationIsVisible</key>
			<string>0</string>
			<key>defaultConfigurationName</key>
			<string>Release</string>
			<key>isa</key>
			<string>XCConfigurationList</string>
		</dict>
		<key>145ACC05184C88BF00EBAEA8</key>
		<dict>
			<key>baseConfigurationReference</key>
			<string>211F5AF856FC1D80A937588A</string>
			<key>buildSettings</key>
			<dict>
				<key>CODE_SIGN_IDENTITY</key>
				<string>iPhone Developer</string>
				<key>GCC_PRECOMPILE_PREFIX_HEADER</key>
				<string>YES</string>
				<key>GCC_PREFIX_HEADER</key>
				<string>ToDo/ToDo-Prefix.pch</string>
				<key>INFOPLIST_FILE</key>
				<string>ToDo/ToDo-Info.plist</string>
				<key>PRODUCT_NAME</key>
				<string>TreeDo</string>
				<key>WRAPPER_EXTENSION</key>
				<string>app</string>
			</dict>
			<key>isa</key>
			<string>XCBuildConfiguration</string>
			<key>name</key>
			<string>Debug</string>
		</dict>
		<key>145ACC06184C88BF00EBAEA8</key>
		<dict>
			<key>baseConfigurationReference</key>
			<string>65122FF24B4FFEE6E2BF6EFB</string>
			<key>buildSettings</key>
			<dict>
				<key>CODE_SIGN_IDENTITY</key>
				<string>iPhone Developer</string>
				<key>GCC_PRECOMPILE_PREFIX_HEADER</key>
				<string>YES</string>
				<key>GCC_PREFIX_HEADER</key>
				<string>ToDo/ToDo-Prefix.pch</string>
				<key>INFOPLIST_FILE</key>
				<string>ToDo/ToDo-Info.plist</string>
				<key>PRODUCT_NAME</key>
				<string>TreeDo</string>
				<key>WRAPPER_EXTENSION</key>
				<string>app</string>
			</dict>
			<key>isa</key>
			<string>XCBuildConfiguration</string>
			<key>name</key>
			<string>Release</string>
		</dict>
		<key>145ACC07184C88BF00EBAEA8</key>
		<dict>
			<key>buildConfigurations</key>
			<array>
				<string>145ACC08184C88BF00EBAEA8</string>
				<string>145ACC09184C88BF00EBAEA8</string>
			</array>
			<key>defaultConfigurationIsVisible</key>
			<string>0</string>
			<key>defaultConfigurationName</key>
			<string>Release</string>
			<key>isa</key>
			<string>XCConfigurationList</string>
		</dict>
		<key>145ACC08184C88BF00EBAEA8</key>
		<dict>
			<key>buildSettings</key>
			<dict>
				<key>ARCHS</key>
				<string>$(ARCHS_STANDARD_INCLUDING_64_BIT)</string>
				<key>BUNDLE_LOADER</key>
				<string>$(BUILT_PRODUCTS_DIR)/ToDo.app/ToDo</string>
				<key>FRAMEWORK_SEARCH_PATHS</key>
				<array>
					<string>$(SDKROOT)/Developer/Library/Frameworks</string>
					<string>$(inherited)</string>
					<string>$(DEVELOPER_FRAMEWORKS_DIR)</string>
				</array>
				<key>GCC_PRECOMPILE_PREFIX_HEADER</key>
				<string>YES</string>
				<key>GCC_PREFIX_HEADER</key>
				<string>ToDo/ToDo-Prefix.pch</string>
				<key>GCC_PREPROCESSOR_DEFINITIONS</key>
				<array>
					<string>DEBUG=1</string>
					<string>$(inherited)</string>
				</array>
				<key>INFOPLIST_FILE</key>
				<string>ToDoTests/ToDoTests-Info.plist</string>
				<key>PRODUCT_NAME</key>
				<string>$(TARGET_NAME)</string>
				<key>TEST_HOST</key>
				<string>$(BUNDLE_LOADER)</string>
				<key>WRAPPER_EXTENSION</key>
				<string>xctest</string>
			</dict>
			<key>isa</key>
			<string>XCBuildConfiguration</string>
			<key>name</key>
			<string>Debug</string>
		</dict>
		<key>145ACC09184C88BF00EBAEA8</key>
		<dict>
			<key>buildSettings</key>
			<dict>
				<key>ARCHS</key>
				<string>$(ARCHS_STANDARD_INCLUDING_64_BIT)</string>
				<key>BUNDLE_LOADER</key>
				<string>$(BUILT_PRODUCTS_DIR)/ToDo.app/ToDo</string>
				<key>FRAMEWORK_SEARCH_PATHS</key>
				<array>
					<string>$(SDKROOT)/Developer/Library/Frameworks</string>
					<string>$(inherited)</string>
					<string>$(DEVELOPER_FRAMEWORKS_DIR)</string>
				</array>
				<key>GCC_PRECOMPILE_PREFIX_HEADER</key>
				<string>YES</string>
				<key>GCC_PREFIX_HEADER</key>
				<string>ToDo/ToDo-Prefix.pch</string>
				<key>INFOPLIST_FILE</key>
				<string>ToDoTests/ToDoTests-Info.plist</string>
				<key>PRODUCT_NAME</key>
				<string>$(TARGET_NAME)</string>
				<key>TEST_HOST</key>
				<string>$(BUNDLE_LOADER)</string>
				<key>WRAPPER_EXTENSION</key>
				<string>xctest</string>
			</dict>
			<key>isa</key>
			<string>XCBuildConfiguration</string>
			<key>name</key>
			<string>Release</string>
		</dict>
		<key>145ACC0A184C94AE00EBAEA8</key>
		<dict>
			<key>children</key>
			<array>
				<string>148F3072184C954F00CF3FF6</string>
				<string>148F3073184C954F00CF3FF6</string>
				<string>14BFD0BC1963D6B30000FB51</string>
				<string>14BFD0BD1963D6B30000FB51</string>
			</array>
			<key>isa</key>
			<string>PBXGroup</string>
			<key>name</key>
			<string>Entities</string>
			<key>sourceTree</key>
			<string>&lt;group&gt;</string>
		</dict>
		<key>148F3072184C954F00CF3FF6</key>
		<dict>
			<key>fileEncoding</key>
			<string>4</string>
			<key>isa</key>
			<string>PBXFileReference</string>
			<key>lastKnownFileType</key>
			<string>sourcecode.c.h</string>
			<key>path</key>
			<string>Task.h</string>
			<key>sourceTree</key>
			<string>&lt;group&gt;</string>
		</dict>
		<key>148F3073184C954F00CF3FF6</key>
		<dict>
			<key>fileEncoding</key>
			<string>4</string>
			<key>isa</key>
			<string>PBXFileReference</string>
			<key>lastKnownFileType</key>
			<string>sourcecode.c.objc</string>
			<key>path</key>
			<string>Task.m</string>
			<key>sourceTree</key>
			<string>&lt;group&gt;</string>
		</dict>
		<key>148F3074184C954F00CF3FF6</key>
		<dict>
			<key>fileRef</key>
			<string>148F3073184C954F00CF3FF6</string>
			<key>isa</key>
			<string>PBXBuildFile</string>
		</dict>
		<key>148F3078184C978200CF3FF6</key>
		<dict>
			<key>fileEncoding</key>
			<string>4</string>
			<key>isa</key>
			<string>PBXFileReference</string>
			<key>lastKnownFileType</key>
			<string>sourcecode.c.h</string>
			<key>path</key>
			<string>TDLoginViewController.h</string>
			<key>sourceTree</key>
			<string>&lt;group&gt;</string>
		</dict>
		<key>148F3079184C978200CF3FF6</key>
		<dict>
			<key>fileEncoding</key>
			<string>4</string>
			<key>isa</key>
			<string>PBXFileReference</string>
			<key>lastKnownFileType</key>
			<string>sourcecode.c.objc</string>
			<key>path</key>
			<string>TDLoginViewController.m</string>
			<key>sourceTree</key>
			<string>&lt;group&gt;</string>
		</dict>
		<key>148F307A184C978200CF3FF6</key>
		<dict>
			<key>fileEncoding</key>
			<string>4</string>
			<key>isa</key>
			<string>PBXFileReference</string>
			<key>lastKnownFileType</key>
			<string>file.xib</string>
			<key>path</key>
			<string>TDLoginViewController.xib</string>
			<key>sourceTree</key>
			<string>&lt;group&gt;</string>
		</dict>
		<key>148F307B184C978200CF3FF6</key>
		<dict>
			<key>fileRef</key>
			<string>148F3079184C978200CF3FF6</string>
			<key>isa</key>
			<string>PBXBuildFile</string>
		</dict>
		<key>148F307C184C978200CF3FF6</key>
		<dict>
			<key>fileRef</key>
			<string>148F307A184C978200CF3FF6</string>
			<key>isa</key>
			<string>PBXBuildFile</string>
		</dict>
		<key>148F307D184C97F600CF3FF6</key>
		<dict>
			<key>children</key>
			<array>
				<string>148F3078184C978200CF3FF6</string>
				<string>148F3079184C978200CF3FF6</string>
				<string>148F307A184C978200CF3FF6</string>
				<string>148F307E184C9F6000CF3FF6</string>
				<string>148F307F184C9F6000CF3FF6</string>
				<string>148F3080184C9F6000CF3FF6</string>
				<string>148F308E184CC18A00CF3FF6</string>
				<string>148F308F184CC18A00CF3FF6</string>
				<string>148F3090184CC18A00CF3FF6</string>
				<string>148F30AE184CE6B300CF3FF6</string>
				<string>148F30AF184CE6B300CF3FF6</string>
				<string>148F30B0184CE6B300CF3FF6</string>
			</array>
			<key>isa</key>
			<string>PBXGroup</string>
			<key>name</key>
			<string>Controllers</string>
			<key>sourceTree</key>
			<string>&lt;group&gt;</string>
		</dict>
		<key>148F307E184C9F6000CF3FF6</key>
		<dict>
			<key>fileEncoding</key>
			<string>4</string>
			<key>isa</key>
			<string>PBXFileReference</string>
			<key>lastKnownFileType</key>
			<string>sourcecode.c.h</string>
			<key>path</key>
			<string>TDRegisterViewController.h</string>
			<key>sourceTree</key>
			<string>&lt;group&gt;</string>
		</dict>
		<key>148F307F184C9F6000CF3FF6</key>
		<dict>
			<key>fileEncoding</key>
			<string>4</string>
			<key>isa</key>
			<string>PBXFileReference</string>
			<key>lastKnownFileType</key>
			<string>sourcecode.c.objc</string>
			<key>path</key>
			<string>TDRegisterViewController.m</string>
			<key>sourceTree</key>
			<string>&lt;group&gt;</string>
		</dict>
		<key>148F3080184C9F6000CF3FF6</key>
		<dict>
			<key>fileEncoding</key>
			<string>4</string>
			<key>isa</key>
			<string>PBXFileReference</string>
			<key>lastKnownFileType</key>
			<string>file.xib</string>
			<key>path</key>
			<string>TDRegisterViewController.xib</string>
			<key>sourceTree</key>
			<string>&lt;group&gt;</string>
		</dict>
		<key>148F3081184C9F6000CF3FF6</key>
		<dict>
			<key>fileRef</key>
			<string>148F307F184C9F6000CF3FF6</string>
			<key>isa</key>
			<string>PBXBuildFile</string>
		</dict>
		<key>148F3082184C9F6000CF3FF6</key>
		<dict>
			<key>fileRef</key>
			<string>148F3080184C9F6000CF3FF6</string>
			<key>isa</key>
			<string>PBXBuildFile</string>
		</dict>
		<key>148F3083184CA21000CF3FF6</key>
		<dict>
			<key>fileEncoding</key>
			<string>4</string>
			<key>isa</key>
			<string>PBXFileReference</string>
			<key>lastKnownFileType</key>
			<string>sourcecode.c.h</string>
			<key>path</key>
			<string>TDSession.h</string>
			<key>sourceTree</key>
			<string>&lt;group&gt;</string>
		</dict>
		<key>148F3084184CA21000CF3FF6</key>
		<dict>
			<key>fileEncoding</key>
			<string>4</string>
			<key>isa</key>
			<string>PBXFileReference</string>
			<key>lastKnownFileType</key>
			<string>sourcecode.c.objc</string>
			<key>path</key>
			<string>TDSession.m</string>
			<key>sourceTree</key>
			<string>&lt;group&gt;</string>
		</dict>
		<key>148F3085184CA21000CF3FF6</key>
		<dict>
			<key>fileRef</key>
			<string>148F3084184CA21000CF3FF6</string>
			<key>isa</key>
			<string>PBXBuildFile</string>
		</dict>
		<key>148F3086184CA25C00CF3FF6</key>
		<dict>
			<key>children</key>
			<array>
				<string>148F3083184CA21000CF3FF6</string>
				<string>148F3084184CA21000CF3FF6</string>
			</array>
			<key>isa</key>
			<string>PBXGroup</string>
			<key>name</key>
			<string>Session</string>
			<key>sourceTree</key>
			<string>&lt;group&gt;</string>
		</dict>
		<key>148F3087184CA27300CF3FF6</key>
		<dict>
			<key>children</key>
			<array>
				<string>148F308B184CA3F200CF3FF6</string>
				<string>148F308C184CA3F200CF3FF6</string>
				<string>148F3088184CA3E600CF3FF6</string>
				<string>148F3089184CA3E600CF3FF6</string>
				<string>148F30B3184D358200CF3FF6</string>
				<string>148F30B4184D358200CF3FF6</string>
			</array>
			<key>isa</key>
			<string>PBXGroup</string>
			<key>name</key>
			<string>Utilities</string>
			<key>sourceTree</key>
			<string>&lt;group&gt;</string>
		</dict>
		<key>148F3088184CA3E600CF3FF6</key>
		<dict>
			<key>fileEncoding</key>
			<string>4</string>
			<key>isa</key>
			<string>PBXFileReference</string>
			<key>lastKnownFileType</key>
			<string>sourcecode.c.h</string>
			<key>path</key>
			<string>NSDataAdditions.h</string>
			<key>sourceTree</key>
			<string>&lt;group&gt;</string>
		</dict>
		<key>148F3089184CA3E600CF3FF6</key>
		<dict>
			<key>fileEncoding</key>
			<string>4</string>
			<key>isa</key>
			<string>PBXFileReference</string>
			<key>lastKnownFileType</key>
			<string>sourcecode.c.objc</string>
			<key>path</key>
			<string>NSDataAdditions.m</string>
			<key>sourceTree</key>
			<string>&lt;group&gt;</string>
		</dict>
		<key>148F308A184CA3E600CF3FF6</key>
		<dict>
			<key>fileRef</key>
			<string>148F3089184CA3E600CF3FF6</string>
			<key>isa</key>
			<string>PBXBuildFile</string>
		</dict>
		<key>148F308B184CA3F200CF3FF6</key>
		<dict>
			<key>fileEncoding</key>
			<string>4</string>
			<key>isa</key>
			<string>PBXFileReference</string>
			<key>lastKnownFileType</key>
			<string>sourcecode.c.h</string>
			<key>path</key>
			<string>NSString+SHA1.h</string>
			<key>sourceTree</key>
			<string>&lt;group&gt;</string>
		</dict>
		<key>148F308C184CA3F200CF3FF6</key>
		<dict>
			<key>fileEncoding</key>
			<string>4</string>
			<key>isa</key>
			<string>PBXFileReference</string>
			<key>lastKnownFileType</key>
			<string>sourcecode.c.objc</string>
			<key>path</key>
			<string>NSString+SHA1.m</string>
			<key>sourceTree</key>
			<string>&lt;group&gt;</string>
		</dict>
		<key>148F308D184CA3F200CF3FF6</key>
		<dict>
			<key>fileRef</key>
			<string>148F308C184CA3F200CF3FF6</string>
			<key>isa</key>
			<string>PBXBuildFile</string>
		</dict>
		<key>148F308E184CC18A00CF3FF6</key>
		<dict>
			<key>fileEncoding</key>
			<string>4</string>
			<key>isa</key>
			<string>PBXFileReference</string>
			<key>lastKnownFileType</key>
			<string>sourcecode.c.h</string>
			<key>path</key>
			<string>TDToDoViewController.h</string>
			<key>sourceTree</key>
			<string>&lt;group&gt;</string>
		</dict>
		<key>148F308F184CC18A00CF3FF6</key>
		<dict>
			<key>fileEncoding</key>
			<string>4</string>
			<key>isa</key>
			<string>PBXFileReference</string>
			<key>lastKnownFileType</key>
			<string>sourcecode.c.objc</string>
			<key>path</key>
			<string>TDToDoViewController.m</string>
			<key>sourceTree</key>
			<string>&lt;group&gt;</string>
		</dict>
		<key>148F3090184CC18A00CF3FF6</key>
		<dict>
			<key>fileEncoding</key>
			<string>4</string>
			<key>isa</key>
			<string>PBXFileReference</string>
			<key>lastKnownFileType</key>
			<string>file.xib</string>
			<key>path</key>
			<string>TDToDoViewController.xib</string>
			<key>sourceTree</key>
			<string>&lt;group&gt;</string>
		</dict>
		<key>148F3091184CC18A00CF3FF6</key>
		<dict>
			<key>fileRef</key>
			<string>148F308F184CC18A00CF3FF6</string>
			<key>isa</key>
			<string>PBXBuildFile</string>
		</dict>
		<key>148F3092184CC18A00CF3FF6</key>
		<dict>
			<key>fileRef</key>
			<string>148F3090184CC18A00CF3FF6</string>
			<key>isa</key>
			<string>PBXBuildFile</string>
		</dict>
		<key>148F3093184CD48E00CF3FF6</key>
		<dict>
			<key>isa</key>
			<string>PBXFileReference</string>
			<key>lastKnownFileType</key>
			<string>image.png</string>
			<key>path</key>
			<string>ToDoIcon120x120.png</string>
			<key>sourceTree</key>
			<string>SOURCE_ROOT</string>
		</dict>
		<key>148F3094184CD4E700CF3FF6</key>
		<dict>
			<key>isa</key>
			<string>PBXFileReference</string>
			<key>lastKnownFileType</key>
			<string>image.png</string>
			<key>path</key>
			<string>ToDoIcon76x76.png</string>
			<key>sourceTree</key>
			<string>SOURCE_ROOT</string>
		</dict>
		<key>148F3095184CD55500CF3FF6</key>
		<dict>
			<key>isa</key>
			<string>PBXFileReference</string>
			<key>lastKnownFileType</key>
			<string>image.png</string>
			<key>path</key>
			<string>ToDoIcon152x152.png</string>
			<key>sourceTree</key>
			<string>SOURCE_ROOT</string>
		</dict>
		<key>148F3096184CD5FB00CF3FF6</key>
		<dict>
			<key>isa</key>
			<string>PBXFileReference</string>
			<key>lastKnownFileType</key>
			<string>image.png</string>
			<key>path</key>
			<string>ToDoListsDefault640x960.png</string>
			<key>sourceTree</key>
			<string>SOURCE_ROOT</string>
		</dict>
		<key>148F3097184CD63D00CF3FF6</key>
		<dict>
			<key>isa</key>
			<string>PBXFileReference</string>
			<key>lastKnownFileType</key>
			<string>image.png</string>
			<key>path</key>
			<string>ToDoListsDefault640x1136.png</string>
			<key>sourceTree</key>
			<string>SOURCE_ROOT</string>
		</dict>
		<key>148F3098184CD68F00CF3FF6</key>
		<dict>
			<key>isa</key>
			<string>PBXFileReference</string>
			<key>lastKnownFileType</key>
			<string>image.png</string>
			<key>path</key>
			<string>ToDoListsDefault768x1024.png</string>
			<key>sourceTree</key>
			<string>SOURCE_ROOT</string>
		</dict>
		<key>148F3099184CD6BC00CF3FF6</key>
		<dict>
			<key>isa</key>
			<string>PBXFileReference</string>
			<key>lastKnownFileType</key>
			<string>image.png</string>
			<key>path</key>
			<string>ToDoListsDefault1536x2048.png</string>
			<key>sourceTree</key>
			<string>SOURCE_ROOT</string>
		</dict>
		<key>148F309A184CD83D00CF3FF6</key>
		<dict>
			<key>children</key>
			<array>
				<string>148F30A7184CDCCA00CF3FF6</string>
				<string>148F30A8184CDCCA00CF3FF6</string>
				<string>148F30A5184CDCC400CF3FF6</string>
				<string>148F3099184CD6BC00CF3FF6</string>
				<string>148F3098184CD68F00CF3FF6</string>
				<string>148F3097184CD63D00CF3FF6</string>
				<string>148F3096184CD5FB00CF3FF6</string>
				<string>148F3095184CD55500CF3FF6</string>
				<string>148F3094184CD4E700CF3FF6</string>
				<string>148F3093184CD48E00CF3FF6</string>
			</array>
			<key>isa</key>
			<string>PBXGroup</string>
			<key>name</key>
			<string>Images</string>
			<key>sourceTree</key>
			<string>&lt;group&gt;</string>
		</dict>
		<key>148F309B184CD88F00CF3FF6</key>
		<dict>
			<key>fileRef</key>
			<string>148F3093184CD48E00CF3FF6</string>
			<key>isa</key>
			<string>PBXBuildFile</string>
		</dict>
		<key>148F309C184CD89100CF3FF6</key>
		<dict>
			<key>fileRef</key>
			<string>148F3094184CD4E700CF3FF6</string>
			<key>isa</key>
			<string>PBXBuildFile</string>
		</dict>
		<key>148F309D184CD89400CF3FF6</key>
		<dict>
			<key>fileRef</key>
			<string>148F3095184CD55500CF3FF6</string>
			<key>isa</key>
			<string>PBXBuildFile</string>
		</dict>
		<key>148F309E184CD89600CF3FF6</key>
		<dict>
			<key>fileRef</key>
			<string>148F3096184CD5FB00CF3FF6</string>
			<key>isa</key>
			<string>PBXBuildFile</string>
		</dict>
		<key>148F309F184CD89900CF3FF6</key>
		<dict>
			<key>fileRef</key>
			<string>148F3097184CD63D00CF3FF6</string>
			<key>isa</key>
			<string>PBXBuildFile</string>
		</dict>
		<key>148F30A0184CD89C00CF3FF6</key>
		<dict>
			<key>fileRef</key>
			<string>148F3098184CD68F00CF3FF6</string>
			<key>isa</key>
			<string>PBXBuildFile</string>
		</dict>
		<key>148F30A1184CD89E00CF3FF6</key>
		<dict>
			<key>fileRef</key>
			<string>148F3099184CD6BC00CF3FF6</string>
			<key>isa</key>
			<string>PBXBuildFile</string>
		</dict>
		<key>148F30A2184CDA9300CF3FF6</key>
		<dict>
			<key>children</key>
			<array>
				<string>148F30A3184CDABF00CF3FF6</string>
				<string>148F30AB184CDDD000CF3FF6</string>
				<string>148F30AC184CDDD000CF3FF6</string>
			</array>
			<key>isa</key>
			<string>PBXGroup</string>
			<key>name</key>
			<string>Cells</string>
			<key>path</key>
			<string>..</string>
			<key>sourceTree</key>
			<string>&lt;group&gt;</string>
		</dict>
		<key>148F30A3184CDABF00CF3FF6</key>
		<dict>
			<key>fileEncoding</key>
			<string>4</string>
			<key>isa</key>
			<string>PBXFileReference</string>
			<key>lastKnownFileType</key>
			<string>file.xib</string>
			<key>path</key>
			<string>ToDoCell.xib</string>
			<key>sourceTree</key>
			<string>&lt;group&gt;</string>
		</dict>
		<key>148F30A4184CDABF00CF3FF6</key>
		<dict>
			<key>fileRef</key>
			<string>148F30A3184CDABF00CF3FF6</string>
			<key>isa</key>
			<string>PBXBuildFile</string>
		</dict>
		<key>148F30A5184CDCC400CF3FF6</key>
		<dict>
			<key>isa</key>
			<string>PBXFileReference</string>
			<key>lastKnownFileType</key>
			<string>image.jpeg</string>
			<key>path</key>
			<string>DeleteImage.jpeg</string>
			<key>sourceTree</key>
			<string>&lt;group&gt;</string>
		</dict>
		<key>148F30A6184CDCC400CF3FF6</key>
		<dict>
			<key>fileRef</key>
			<string>148F30A5184CDCC400CF3FF6</string>
			<key>isa</key>
			<string>PBXBuildFile</string>
		</dict>
		<key>148F30A7184CDCCA00CF3FF6</key>
		<dict>
			<key>isa</key>
			<string>PBXFileReference</string>
			<key>lastKnownFileType</key>
			<string>image.jpeg</string>
			<key>path</key>
			<string>CheckmarkOff.jpg</string>
			<key>sourceTree</key>
			<string>&lt;group&gt;</string>
		</dict>
		<key>148F30A8184CDCCA00CF3FF6</key>
		<dict>
			<key>isa</key>
			<string>PBXFileReference</string>
			<key>lastKnownFileType</key>
			<string>image.jpeg</string>
			<key>path</key>
			<string>CheckmarkOn.jpg</string>
			<key>sourceTree</key>
			<string>&lt;group&gt;</string>
		</dict>
		<key>148F30A9184CDCCA00CF3FF6</key>
		<dict>
			<key>fileRef</key>
			<string>148F30A7184CDCCA00CF3FF6</string>
			<key>isa</key>
			<string>PBXBuildFile</string>
		</dict>
		<key>148F30AA184CDCCA00CF3FF6</key>
		<dict>
			<key>fileRef</key>
			<string>148F30A8184CDCCA00CF3FF6</string>
			<key>isa</key>
			<string>PBXBuildFile</string>
		</dict>
		<key>148F30AB184CDDD000CF3FF6</key>
		<dict>
			<key>fileEncoding</key>
			<string>4</string>
			<key>isa</key>
			<string>PBXFileReference</string>
			<key>lastKnownFileType</key>
			<string>sourcecode.c.h</string>
			<key>path</key>
			<string>TDCell.h</string>
			<key>sourceTree</key>
			<string>&lt;group&gt;</string>
		</dict>
		<key>148F30AC184CDDD000CF3FF6</key>
		<dict>
			<key>fileEncoding</key>
			<string>4</string>
			<key>isa</key>
			<string>PBXFileReference</string>
			<key>lastKnownFileType</key>
			<string>sourcecode.c.objc</string>
			<key>path</key>
			<string>TDCell.m</string>
			<key>sourceTree</key>
			<string>&lt;group&gt;</string>
		</dict>
		<key>148F30AD184CDDD000CF3FF6</key>
		<dict>
			<key>fileRef</key>
			<string>148F30AC184CDDD000CF3FF6</string>
			<key>isa</key>
			<string>PBXBuildFile</string>
		</dict>
		<key>148F30AE184CE6B300CF3FF6</key>
		<dict>
			<key>fileEncoding</key>
			<string>4</string>
			<key>isa</key>
			<string>PBXFileReference</string>
			<key>lastKnownFileType</key>
			<string>sourcecode.c.h</string>
			<key>path</key>
			<string>TDAddTaskViewController.h</string>
			<key>sourceTree</key>
			<string>&lt;group&gt;</string>
		</dict>
		<key>148F30AF184CE6B300CF3FF6</key>
		<dict>
			<key>fileEncoding</key>
			<string>4</string>
			<key>isa</key>
			<string>PBXFileReference</string>
			<key>lastKnownFileType</key>
			<string>sourcecode.c.objc</string>
			<key>path</key>
			<string>TDAddTaskViewController.m</string>
			<key>sourceTree</key>
			<string>&lt;group&gt;</string>
		</dict>
		<key>148F30B0184CE6B300CF3FF6</key>
		<dict>
			<key>fileEncoding</key>
			<string>4</string>
			<key>isa</key>
			<string>PBXFileReference</string>
			<key>lastKnownFileType</key>
			<string>file.xib</string>
			<key>path</key>
			<string>TDAddTaskViewController.xib</string>
			<key>sourceTree</key>
			<string>&lt;group&gt;</string>
		</dict>
		<key>148F30B1184CE6B300CF3FF6</key>
		<dict>
			<key>fileRef</key>
			<string>148F30AF184CE6B300CF3FF6</string>
			<key>isa</key>
			<string>PBXBuildFile</string>
		</dict>
		<key>148F30B2184CE6B300CF3FF6</key>
		<dict>
			<key>fileRef</key>
			<string>148F30B0184CE6B300CF3FF6</string>
			<key>isa</key>
			<string>PBXBuildFile</string>
		</dict>
		<key>148F30B3184D358200CF3FF6</key>
		<dict>
			<key>fileEncoding</key>
			<string>4</string>
			<key>isa</key>
			<string>PBXFileReference</string>
			<key>lastKnownFileType</key>
			<string>sourcecode.c.h</string>
			<key>path</key>
			<string>NSDate+Utilities.h</string>
			<key>sourceTree</key>
			<string>&lt;group&gt;</string>
		</dict>
		<key>148F30B4184D358200CF3FF6</key>
		<dict>
			<key>fileEncoding</key>
			<string>4</string>
			<key>isa</key>
			<string>PBXFileReference</string>
			<key>lastKnownFileType</key>
			<string>sourcecode.c.objc</string>
			<key>path</key>
			<string>NSDate+Utilities.m</string>
			<key>sourceTree</key>
			<string>&lt;group&gt;</string>
		</dict>
		<key>148F30B5184D358200CF3FF6</key>
		<dict>
			<key>fileRef</key>
			<string>148F30B4184D358200CF3FF6</string>
			<key>isa</key>
			<string>PBXBuildFile</string>
		</dict>
		<key>14BFD0BC1963D6B30000FB51</key>
		<dict>
			<key>fileEncoding</key>
			<string>4</string>
			<key>isa</key>
			<string>PBXFileReference</string>
			<key>lastKnownFileType</key>
			<string>sourcecode.c.h</string>
			<key>path</key>
			<string>User.h</string>
			<key>sourceTree</key>
			<string>&lt;group&gt;</string>
		</dict>
		<key>14BFD0BD1963D6B30000FB51</key>
		<dict>
			<key>fileEncoding</key>
			<string>4</string>
			<key>isa</key>
			<string>PBXFileReference</string>
			<key>lastKnownFileType</key>
			<string>sourcecode.c.objc</string>
			<key>path</key>
			<string>User.m</string>
			<key>sourceTree</key>
			<string>&lt;group&gt;</string>
		</dict>
		<key>14BFD0BE1963D6B30000FB51</key>
		<dict>
			<key>fileRef</key>
			<string>14BFD0BD1963D6B30000FB51</string>
			<key>isa</key>
			<string>PBXBuildFile</string>
		</dict>
		<key>1F26772ADEA3417EBB68BEB4</key>
		<dict>
			<key>buildActionMask</key>
			<string>2147483647</string>
			<key>files</key>
			<array/>
			<key>inputPaths</key>
			<array/>
			<key>isa</key>
			<string>PBXShellScriptBuildPhase</string>
			<key>name</key>
			<string>Check Pods Manifest.lock</string>
			<key>outputPaths</key>
			<array/>
			<key>runOnlyForDeploymentPostprocessing</key>
			<string>0</string>
			<key>shellPath</key>
			<string>/bin/sh</string>
			<key>shellScript</key>
			<string>diff "${PODS_ROOT}/../Podfile.lock" "${PODS_ROOT}/Manifest.lock" &gt; /dev/null
if [[ $? != 0 ]] ; then
    cat &lt;&lt; EOM
error: The sandbox is not in sync with the Podfile.lock. Run 'pod install' or update your CocoaPods installation.
EOM
    exit 1
fi
</string>
			<key>showEnvVarsInLog</key>
			<string>0</string>
		</dict>
		<key>211F5AF856FC1D80A937588A</key>
		<dict>
			<key>includeInIndex</key>
			<string>1</string>
			<key>isa</key>
			<string>PBXFileReference</string>
			<key>lastKnownFileType</key>
			<string>text.xcconfig</string>
			<key>name</key>
			<string>Pods.debug.xcconfig</string>
			<key>path</key>
			<string>Pods/Target Support Files/Pods/Pods.debug.xcconfig</string>
			<key>sourceTree</key>
			<string>&lt;group&gt;</string>
		</dict>
		<key>50146AA23C384A559156CEC7</key>
		<dict>
			<key>fileRef</key>
			<string>CF4559FA8212476AB0776A5D</string>
			<key>isa</key>
			<string>PBXBuildFile</string>
		</dict>
		<key>5CCCB9420C0DC25A056D9A0A</key>
		<dict>
			<key>children</key>
			<array>
				<string>211F5AF856FC1D80A937588A</string>
				<string>65122FF24B4FFEE6E2BF6EFB</string>
			</array>
			<key>isa</key>
			<string>PBXGroup</string>
			<key>name</key>
			<string>Pods</string>
			<key>sourceTree</key>
			<string>&lt;group&gt;</string>
		</dict>
		<key>65122FF24B4FFEE6E2BF6EFB</key>
		<dict>
			<key>includeInIndex</key>
			<string>1</string>
			<key>isa</key>
			<string>PBXFileReference</string>
			<key>lastKnownFileType</key>
			<string>text.xcconfig</string>
			<key>name</key>
			<string>Pods.release.xcconfig</string>
			<key>path</key>
			<string>Pods/Target Support Files/Pods/Pods.release.xcconfig</string>
			<key>sourceTree</key>
			<string>&lt;group&gt;</string>
		</dict>
		<key>CF4559FA8212476AB0776A5D</key>
		<dict>
			<key>explicitFileType</key>
			<string>archive.ar</string>
			<key>includeInIndex</key>
			<string>0</string>
			<key>isa</key>
			<string>PBXFileReference</string>
			<key>path</key>
			<string>libPods.a</string>
			<key>sourceTree</key>
			<string>BUILT_PRODUCTS_DIR</string>
		</dict>
		<key>D93E7E4E1F854443AB5C50F3</key>
		<dict>
			<key>buildActionMask</key>
			<string>2147483647</string>
			<key>files</key>
			<array/>
			<key>inputPaths</key>
			<array/>
			<key>isa</key>
			<string>PBXShellScriptBuildPhase</string>
			<key>name</key>
			<string>Copy Pods Resources</string>
			<key>outputPaths</key>
			<array/>
			<key>runOnlyForDeploymentPostprocessing</key>
			<string>0</string>
			<key>shellPath</key>
			<string>/bin/sh</string>
			<key>shellScript</key>
			<string>"${SRCROOT}/Pods/Target Support Files/Pods/Pods-resources.sh"
</string>
			<key>showEnvVarsInLog</key>
			<string>0</string>
		</dict>
	</dict>
	<key>rootObject</key>
	<string>145ACBCA184C88BF00EBAEA8</string>
</dict>
</plist>
